
Microsoft Visual Studio Solution File, Format Version 12.00
# Visual Studio 15
VisualStudioVersion = 15.0.26430.16
MinimumVisualStudioVersion = 10.0.40219.1
Project("{FAE04EC0-301F-11D3-BF4B-00C04F79EFBC}") = "Alerting", "Alerting\Alerting.csproj", "{DA180666-58CC-4E82-AD70-70B6BE23AF03}"
EndProject
Project("{FAE04EC0-301F-11D3-BF4B-00C04F79EFBC}") = "ConsoleApp1", "ConsoleApp1\ConsoleApp1.csproj", "{A386C572-BC45-432C-BB92-26D1E8E6B75A}"
	ProjectSection(ProjectDependencies) = postProject
		{DA180666-58CC-4E82-AD70-70B6BE23AF03} = {DA180666-58CC-4E82-AD70-70B6BE23AF03}
	EndProjectSection
EndProject
Global
	GlobalSection(SolutionConfigurationPlatforms) = preSolution
		Debug|Any CPU = Debug|Any CPU
		Release|Any CPU = Release|Any CPU
	EndGlobalSection
	GlobalSection(ProjectConfigurationPlatforms) = postSolution
		{DA180666-58CC-4E82-AD70-70B6BE23AF03}.Debug|Any CPU.ActiveCfg = Debug|Any CPU
		{DA180666-58CC-4E82-AD70-70B6BE23AF03}.Debug|Any CPU.Build.0 = Debug|Any CPU
		{DA180666-58CC-4E82-AD70-70B6BE23AF03}.Release|Any CPU.ActiveCfg = Release|Any CPU
		{DA180666-58CC-4E82-AD70-70B6BE23AF03}.Release|Any CPU.Build.0 = Release|Any CPU
		{A386C572-BC45-432C-BB92-26D1E8E6B75A}.Debug|Any CPU.ActiveCfg = Debug|Any CPU
		{A386C572-BC45-432C-BB92-26D1E8E6B75A}.Debug|Any CPU.Build.0 = Debug|Any CPU
		{A386C572-BC45-432C-BB92-26D1E8E6B75A}.Release|Any CPU.ActiveCfg = Release|Any CPU
		{A386C572-BC45-432C-BB92-26D1E8E6B75A}.Release|Any CPU.Build.0 = Release|Any CPU
	EndGlobalSection
	GlobalSection(SolutionProperties) = preSolution
		HideSolutionNode = FALSE
	EndGlobalSection
EndGlobal
