
Microsoft Visual Studio Solution File, Format Version 12.00
# Visual Studio 15
VisualStudioVersion = 15.0.26430.16
MinimumVisualStudioVersion = 10.0.40219.1
Project("{FAE04EC0-301F-11D3-BF4B-00C04F79EFBC}") = "WB.Alerting.Connector", "WB.Alerting.Connector\WB.Alerting.Connector.csproj", "{1304CD87-2411-4D9D-84FD-723227FDD618}"
EndProject
Project("{FAE04EC0-301F-11D3-BF4B-00C04F79EFBC}") = "WB.Debug", "WB.Debug\WB.Debug.csproj", "{4EE68A9D-2CCE-409D-A207-B400BC8E88AE}"
EndProject
Global
	GlobalSection(SolutionConfigurationPlatforms) = preSolution
		Debug|Any CPU = Debug|Any CPU
		Release|Any CPU = Release|Any CPU
	EndGlobalSection
	GlobalSection(ProjectConfigurationPlatforms) = postSolution
		{1304CD87-2411-4D9D-84FD-723227FDD618}.Debug|Any CPU.ActiveCfg = Debug|Any CPU
		{1304CD87-2411-4D9D-84FD-723227FDD618}.Debug|Any CPU.Build.0 = Debug|Any CPU
		{1304CD87-2411-4D9D-84FD-723227FDD618}.Release|Any CPU.ActiveCfg = Release|Any CPU
		{1304CD87-2411-4D9D-84FD-723227FDD618}.Release|Any CPU.Build.0 = Release|Any CPU
		{4EE68A9D-2CCE-409D-A207-B400BC8E88AE}.Debug|Any CPU.ActiveCfg = Debug|Any CPU
		{4EE68A9D-2CCE-409D-A207-B400BC8E88AE}.Debug|Any CPU.Build.0 = Debug|Any CPU
		{4EE68A9D-2CCE-409D-A207-B400BC8E88AE}.Release|Any CPU.ActiveCfg = Release|Any CPU
		{4EE68A9D-2CCE-409D-A207-B400BC8E88AE}.Release|Any CPU.Build.0 = Release|Any CPU
	EndGlobalSection
	GlobalSection(SolutionProperties) = preSolution
		HideSolutionNode = FALSE
	EndGlobalSection
EndGlobal
